
Microsoft Visual Studio Solution File, Format Version 12.00
# Visual Studio Version 17
VisualStudioVersion = 17.12.35707.178
MinimumVisualStudioVersion = 10.0.40219.1
Project("{FAE04EC0-301F-11D3-BF4B-00C04F79EFBC}") = "Aplikasi_klinik_Harapan", "Aplikasi_klinik_Harapan\Aplikasi_klinik_Harapan.csproj", "{19C0D6D6-DD05-45C1-816D-0BF14214E937}"
EndProject
Project("{54435603-DBB4-11D2-8724-00A0C9A8B90C}") = "SI_Klinik", "SI_Klinik\SI_Klinik\SI_Klinik.vdproj", "{5ECC8BD4-7F81-42AD-82ED-40CDA7335C1A}"
EndProject
Global
	GlobalSection(SolutionConfigurationPlatforms) = preSolution
		All|Any CPU = All|Any CPU
		Debug|Any CPU = Debug|Any CPU
		Release|Any CPU = Release|Any CPU
	EndGlobalSection
	GlobalSection(ProjectConfigurationPlatforms) = postSolution
		{19C0D6D6-DD05-45C1-816D-0BF14214E937}.All|Any CPU.ActiveCfg = Release|Any CPU
		{19C0D6D6-DD05-45C1-816D-0BF14214E937}.All|Any CPU.Build.0 = Release|Any CPU
		{19C0D6D6-DD05-45C1-816D-0BF14214E937}.Debug|Any CPU.ActiveCfg = Debug|Any CPU
		{19C0D6D6-DD05-45C1-816D-0BF14214E937}.Debug|Any CPU.Build.0 = Debug|Any CPU
		{19C0D6D6-DD05-45C1-816D-0BF14214E937}.Release|Any CPU.ActiveCfg = Release|Any CPU
		{19C0D6D6-DD05-45C1-816D-0BF14214E937}.Release|Any CPU.Build.0 = Release|Any CPU
		{5ECC8BD4-7F81-42AD-82ED-40CDA7335C1A}.All|Any CPU.ActiveCfg = Debug
		{5ECC8BD4-7F81-42AD-82ED-40CDA7335C1A}.Debug|Any CPU.ActiveCfg = Debug
		{5ECC8BD4-7F81-42AD-82ED-40CDA7335C1A}.Release|Any CPU.ActiveCfg = Release
	EndGlobalSection
	GlobalSection(SolutionProperties) = preSolution
		HideSolutionNode = FALSE
	EndGlobalSection
EndGlobal
